
Microsoft Visual Studio Solution File, Format Version 12.00
# Visual Studio Express 2013 for Windows Desktop
VisualStudioVersion = 12.0.20827.3
MinimumVisualStudioVersion = 10.0.40219.1
Project("{FAE04EC0-301F-11D3-BF4B-00C04F79EFBC}") = "DDRogue", "RogueBasin\DDRogue.csproj", "{3D08DD25-6DF5-49E7-966D-9C843399C6FC}"
EndProject
Project("{FAE04EC0-301F-11D3-BF4B-00C04F79EFBC}") = "libtcodWrapper", "libtcod-net\libtcodWrapper.csproj", "{85E2DED9-AA04-4A3B-8587-562D577A8EAB}"
EndProject
Project("{FAE04EC0-301F-11D3-BF4B-00C04F79EFBC}") = "DDRogueTest", "DDRogueTest\DDRogueTest.csproj", "{CE7CD02F-F373-493C-A591-C3C29D45BBBA}"
EndProject
Project("{FAE04EC0-301F-11D3-BF4B-00C04F79EFBC}") = "GraphMap", "GraphMap\GraphMap.csproj", "{C01C4688-5271-42FA-A329-BFBB6BD59ABC}"
EndProject
Project("{FAE04EC0-301F-11D3-BF4B-00C04F79EFBC}") = "TestGraphMap", "TestGraphMap\TestGraphMap.csproj", "{4C538C7F-C787-43D4-8C13-107A0963AF5C}"
EndProject
Global
	GlobalSection(SolutionConfigurationPlatforms) = preSolution
		Debug|Any CPU = Debug|Any CPU
		Release|Any CPU = Release|Any CPU
	EndGlobalSection
	GlobalSection(ProjectConfigurationPlatforms) = postSolution
		{3D08DD25-6DF5-49E7-966D-9C843399C6FC}.Debug|Any CPU.ActiveCfg = Debug|Any CPU
		{3D08DD25-6DF5-49E7-966D-9C843399C6FC}.Debug|Any CPU.Build.0 = Debug|Any CPU
		{3D08DD25-6DF5-49E7-966D-9C843399C6FC}.Release|Any CPU.ActiveCfg = Release|Any CPU
		{3D08DD25-6DF5-49E7-966D-9C843399C6FC}.Release|Any CPU.Build.0 = Release|Any CPU
		{85E2DED9-AA04-4A3B-8587-562D577A8EAB}.Debug|Any CPU.ActiveCfg = Debug|Any CPU
		{85E2DED9-AA04-4A3B-8587-562D577A8EAB}.Debug|Any CPU.Build.0 = Debug|Any CPU
		{85E2DED9-AA04-4A3B-8587-562D577A8EAB}.Release|Any CPU.ActiveCfg = Release|Any CPU
		{85E2DED9-AA04-4A3B-8587-562D577A8EAB}.Release|Any CPU.Build.0 = Release|Any CPU
		{CE7CD02F-F373-493C-A591-C3C29D45BBBA}.Debug|Any CPU.ActiveCfg = Debug|Any CPU
		{CE7CD02F-F373-493C-A591-C3C29D45BBBA}.Debug|Any CPU.Build.0 = Debug|Any CPU
		{CE7CD02F-F373-493C-A591-C3C29D45BBBA}.Release|Any CPU.ActiveCfg = Release|Any CPU
		{CE7CD02F-F373-493C-A591-C3C29D45BBBA}.Release|Any CPU.Build.0 = Release|Any CPU
		{C01C4688-5271-42FA-A329-BFBB6BD59ABC}.Debug|Any CPU.ActiveCfg = Debug|Any CPU
		{C01C4688-5271-42FA-A329-BFBB6BD59ABC}.Debug|Any CPU.Build.0 = Debug|Any CPU
		{C01C4688-5271-42FA-A329-BFBB6BD59ABC}.Release|Any CPU.ActiveCfg = Release|Any CPU
		{C01C4688-5271-42FA-A329-BFBB6BD59ABC}.Release|Any CPU.Build.0 = Release|Any CPU
		{4C538C7F-C787-43D4-8C13-107A0963AF5C}.Debug|Any CPU.ActiveCfg = Debug|Any CPU
		{4C538C7F-C787-43D4-8C13-107A0963AF5C}.Debug|Any CPU.Build.0 = Debug|Any CPU
		{4C538C7F-C787-43D4-8C13-107A0963AF5C}.Release|Any CPU.ActiveCfg = Release|Any CPU
		{4C538C7F-C787-43D4-8C13-107A0963AF5C}.Release|Any CPU.Build.0 = Release|Any CPU
	EndGlobalSection
	GlobalSection(SolutionProperties) = preSolution
		HideSolutionNode = FALSE
	EndGlobalSection
EndGlobal
